
Microsoft Visual Studio Solution File, Format Version 12.00
# Visual Studio Version 17
VisualStudioVersion = 17.11.35303.130
MinimumVisualStudioVersion = 10.0.40219.1
Project("{FAE04EC0-301F-11D3-BF4B-00C04F79EFBC}") = "Ecommerce", "Ecommerce.csproj", "{4335F1D1-ECBB-4290-961A-5C141E1A05D5}"
EndProject
Global
	GlobalSection(SolutionConfigurationPlatforms) = preSolution
		Debug|Any CPU = Debug|Any CPU
		Release|Any CPU = Release|Any CPU
	EndGlobalSection
	GlobalSection(ProjectConfigurationPlatforms) = postSolution
		{4335F1D1-ECBB-4290-961A-5C141E1A05D5}.Debug|Any CPU.ActiveCfg = Debug|Any CPU
		{4335F1D1-ECBB-4290-961A-5C141E1A05D5}.Debug|Any CPU.Build.0 = Debug|Any CPU
		{4335F1D1-ECBB-4290-961A-5C141E1A05D5}.Release|Any CPU.ActiveCfg = Release|Any CPU
		{4335F1D1-ECBB-4290-961A-5C141E1A05D5}.Release|Any CPU.Build.0 = Release|Any CPU
	EndGlobalSection
	GlobalSection(SolutionProperties) = preSolution
		HideSolutionNode = FALSE
	EndGlobalSection
	GlobalSection(ExtensibilityGlobals) = postSolution
		SolutionGuid = {6E857F55-22EC-4CE1-8AF9-CCA9D61BD59D}
	EndGlobalSection
EndGlobal
